// !$*UTF8*$!
{
	archiveVersion = 1;
	classes = {
	};
	objectVersion = 46;
	objects = {

/* Begin PBXBuildFile section */
		BCF7090A1AC80C1600F46111 /* main.m in Sources */ = {isa = PBXBuildFile; fileRef = BCF709091AC80C1600F46111 /* main.m */; };
		BCF7090D1AC80C1600F46111 /* AppDelegate.m in Sources */ = {isa = PBXBuildFile; fileRef = BCF7090C1AC80C1600F46111 /* AppDelegate.m */; };
		BCF709131AC80C1600F46111 /* Main.storyboard in Resources */ = {isa = PBXBuildFile; fileRef = BCF709111AC80C1600F46111 /* Main.storyboard */; };
		BCF709151AC80C1600F46111 /* Images.xcassets in Resources */ = {isa = PBXBuildFile; fileRef = BCF709141AC80C1600F46111 /* Images.xcassets */; };
		BCF709181AC80C1600F46111 /* LaunchScreen.xib in Resources */ = {isa = PBXBuildFile; fileRef = BCF709161AC80C1600F46111 /* LaunchScreen.xib */; };
		BCF709241AC80C1600F46111 /* demoTests.m in Sources */ = {isa = PBXBuildFile; fileRef = BCF709231AC80C1600F46111 /* demoTests.m */; };
		BCF709301AC80FED00F46111 /* MainTableViewCell.m in Sources */ = {isa = PBXBuildFile; fileRef = BCF7092F1AC80FED00F46111 /* MainTableViewCell.m */; };
		BCF709541AC8191F00F46111 /* home_footbar_icon_dianping_pressed@2x.png in Resources */ = {isa = PBXBuildFile; fileRef = BCF709441AC8191F00F46111 /* home_footbar_icon_dianping_pressed@2x.png */; };
		BCF709551AC8191F00F46111 /* home_footbar_icon_dianping_pressed@3x.png in Resources */ = {isa = PBXBuildFile; fileRef = BCF709451AC8191F00F46111 /* home_footbar_icon_dianping_pressed@3x.png */; };
		BCF709561AC8191F00F46111 /* home_footbar_icon_dianping@2x.png in Resources */ = {isa = PBXBuildFile; fileRef = BCF709461AC8191F00F46111 /* home_footbar_icon_dianping@2x.png */; };
		BCF709571AC8191F00F46111 /* home_footbar_icon_dianping@3x.png in Resources */ = {isa = PBXBuildFile; fileRef = BCF709471AC8191F00F46111 /* home_footbar_icon_dianping@3x.png */; };
		BCF709581AC8191F00F46111 /* home_footbar_icon_found_pressed@2x.png in Resources */ = {isa = PBXBuildFile; fileRef = BCF709481AC8191F00F46111 /* home_footbar_icon_found_pressed@2x.png */; };
		BCF709591AC8191F00F46111 /* home_footbar_icon_found_pressed@3x.png in Resources */ = {isa = PBXBuildFile; fileRef = BCF709491AC8191F00F46111 /* home_footbar_icon_found_pressed@3x.png */; };
		BCF7095A1AC8191F00F46111 /* home_footbar_icon_found@2x.png in Resources */ = {isa = PBXBuildFile; fileRef = BCF7094A1AC8191F00F46111 /* home_footbar_icon_found@2x.png */; };
		BCF7095B1AC8191F00F46111 /* home_footbar_icon_found@3x.png in Resources */ = {isa = PBXBuildFile; fileRef = BCF7094B1AC8191F00F46111 /* home_footbar_icon_found@3x.png */; };
		BCF7095C1AC8191F00F46111 /* home_footbar_icon_group_pressed@2x.png in Resources */ = {isa = PBXBuildFile; fileRef = BCF7094C1AC8191F00F46111 /* home_footbar_icon_group_pressed@2x.png */; };
		BCF7095D1AC8191F00F46111 /* home_footbar_icon_group_pressed@3x.png in Resources */ = {isa = PBXBuildFile; fileRef = BCF7094D1AC8191F00F46111 /* home_footbar_icon_group_pressed@3x.png */; };
		BCF7095E1AC8191F00F46111 /* home_footbar_icon_group@2x.png in Resources */ = {isa = PBXBuildFile; fileRef = BCF7094E1AC8191F00F46111 /* home_footbar_icon_group@2x.png */; };
		BCF7095F1AC8191F00F46111 /* home_footbar_icon_group@3x.png in Resources */ = {isa = PBXBuildFile; fileRef = BCF7094F1AC8191F00F46111 /* home_footbar_icon_group@3x.png */; };
		BCF709601AC8191F00F46111 /* home_footbar_icon_my_pressed@2x.png in Resources */ = {isa = PBXBuildFile; fileRef = BCF709501AC8191F00F46111 /* home_footbar_icon_my_pressed@2x.png */; };
		BCF709611AC8191F00F46111 /* home_footbar_icon_my_pressed@3x.png in Resources */ = {isa = PBXBuildFile; fileRef = BCF709511AC8191F00F46111 /* home_footbar_icon_my_pressed@3x.png */; };
		BCF709621AC8191F00F46111 /* home_footbar_icon_my@2x.png in Resources */ = {isa = PBXBuildFile; fileRef = BCF709521AC8191F00F46111 /* home_footbar_icon_my@2x.png */; };
		BCF709631AC8191F00F46111 /* home_footbar_icon_my@3x.png in Resources */ = {isa = PBXBuildFile; fileRef = BCF709531AC8191F00F46111 /* home_footbar_icon_my@3x.png */; };
		BCF709731AC8225100F46111 /* SetTabBarItem.m in Sources */ = {isa = PBXBuildFile; fileRef = BCF709721AC8225100F46111 /* SetTabBarItem.m */; };
		BCF709771AC8251C00F46111 /* MyViewController.m in Sources */ = {isa = PBXBuildFile; fileRef = BCF709751AC8251C00F46111 /* MyViewController.m */; };
		BCF709781AC8251C00F46111 /* MyViewController.xib in Resources */ = {isa = PBXBuildFile; fileRef = BCF709761AC8251C00F46111 /* MyViewController.xib */; };
		BCF7097B1AC8259000F46111 /* GroupViewController.m in Sources */ = {isa = PBXBuildFile; fileRef = BCF7097A1AC8259000F46111 /* GroupViewController.m */; };
		BCF7097E1AC825B800F46111 /* FoundViewController.m in Sources */ = {isa = PBXBuildFile; fileRef = BCF7097D1AC825B800F46111 /* FoundViewController.m */; };
		BCF709811AC825E100F46111 /* FirstViewController.m in Sources */ = {isa = PBXBuildFile; fileRef = BCF709801AC825E100F46111 /* FirstViewController.m */; };
/* End PBXBuildFile section */

/* Begin PBXContainerItemProxy section */
		BCF7091E1AC80C1600F46111 /* PBXContainerItemProxy */ = {
			isa = PBXContainerItemProxy;
			containerPortal = BCF708FC1AC80C1600F46111 /* Project object */;
			proxyType = 1;
			remoteGlobalIDString = BCF709031AC80C1600F46111;
			remoteInfo = demo;
		};
/* End PBXContainerItemProxy section */

/* Begin PBXFileReference section */
		BCF709041AC80C1600F46111 /* demo.app */ = {isa = PBXFileReference; explicitFileType = wrapper.application; includeInIndex = 0; path = demo.app; sourceTree = BUILT_PRODUCTS_DIR; };
		BCF709081AC80C1600F46111 /* Info.plist */ = {isa = PBXFileReference; lastKnownFileType = text.plist.xml; path = Info.plist; sourceTree = "<group>"; };
		BCF709091AC80C1600F46111 /* main.m */ = {isa = PBXFileReference; lastKnownFileType = sourcecode.c.objc; path = main.m; sourceTree = "<group>"; };
		BCF7090B1AC80C1600F46111 /* AppDelegate.h */ = {isa = PBXFileReference; lastKnownFileType = sourcecode.c.h; path = AppDelegate.h; sourceTree = "<group>"; };
		BCF7090C1AC80C1600F46111 /* AppDelegate.m */ = {isa = PBXFileReference; lastKnownFileType = sourcecode.c.objc; path = AppDelegate.m; sourceTree = "<group>"; };
		BCF709121AC80C1600F46111 /* Base */ = {isa = PBXFileReference; lastKnownFileType = file.storyboard; name = Base; path = Base.lproj/Main.storyboard; sourceTree = "<group>"; };
		BCF709141AC80C1600F46111 /* Images.xcassets */ = {isa = PBXFileReference; lastKnownFileType = folder.assetcatalog; path = Images.xcassets; sourceTree = "<group>"; };
		BCF709171AC80C1600F46111 /* Base */ = {isa = PBXFileReference; lastKnownFileType = file.xib; name = Base; path = Base.lproj/LaunchScreen.xib; sourceTree = "<group>"; };
		BCF7091D1AC80C1600F46111 /* demoTests.xctest */ = {isa = PBXFileReference; explicitFileType = wrapper.cfbundle; includeInIndex = 0; path = demoTests.xctest; sourceTree = BUILT_PRODUCTS_DIR; };
		BCF709221AC80C1600F46111 /* Info.plist */ = {isa = PBXFileReference; lastKnownFileType = text.plist.xml; path = Info.plist; sourceTree = "<group>"; };
		BCF709231AC80C1600F46111 /* demoTests.m */ = {isa = PBXFileReference; lastKnownFileType = sourcecode.c.objc; path = demoTests.m; sourceTree = "<group>"; };
		BCF7092E1AC80FED00F46111 /* MainTableViewCell.h */ = {isa = PBXFileReference; fileEncoding = 4; lastKnownFileType = sourcecode.c.h; path = MainTableViewCell.h; sourceTree = "<group>"; };
		BCF7092F1AC80FED00F46111 /* MainTableViewCell.m */ = {isa = PBXFileReference; fileEncoding = 4; lastKnownFileType = sourcecode.c.objc; path = MainTableViewCell.m; sourceTree = "<group>"; };
		BCF709441AC8191F00F46111 /* home_footbar_icon_dianping_pressed@2x.png */ = {isa = PBXFileReference; lastKnownFileType = image.png; path = "home_footbar_icon_dianping_pressed@2x.png"; sourceTree = "<group>"; };
		BCF709451AC8191F00F46111 /* home_footbar_icon_dianping_pressed@3x.png */ = {isa = PBXFileReference; lastKnownFileType = image.png; path = "home_footbar_icon_dianping_pressed@3x.png"; sourceTree = "<group>"; };
		BCF709461AC8191F00F46111 /* home_footbar_icon_dianping@2x.png */ = {isa = PBXFileReference; lastKnownFileType = image.png; path = "home_footbar_icon_dianping@2x.png"; sourceTree = "<group>"; };
		BCF709471AC8191F00F46111 /* home_footbar_icon_dianping@3x.png */ = {isa = PBXFileReference; lastKnownFileType = image.png; path = "home_footbar_icon_dianping@3x.png"; sourceTree = "<group>"; };
		BCF709481AC8191F00F46111 /* home_footbar_icon_found_pressed@2x.png */ = {isa = PBXFileReference; lastKnownFileType = image.png; path = "home_footbar_icon_found_pressed@2x.png"; sourceTree = "<group>"; };
		BCF709491AC8191F00F46111 /* home_footbar_icon_found_pressed@3x.png */ = {isa = PBXFileReference; lastKnownFileType = image.png; path = "home_footbar_icon_found_pressed@3x.png"; sourceTree = "<group>"; };
		BCF7094A1AC8191F00F46111 /* home_footbar_icon_found@2x.png */ = {isa = PBXFileReference; lastKnownFileType = image.png; path = "home_footbar_icon_found@2x.png"; sourceTree = "<group>"; };
		BCF7094B1AC8191F00F46111 /* home_footbar_icon_found@3x.png */ = {isa = PBXFileReference; lastKnownFileType = image.png; path = "home_footbar_icon_found@3x.png"; sourceTree = "<group>"; };
		BCF7094C1AC8191F00F46111 /* home_footbar_icon_group_pressed@2x.png */ = {isa = PBXFileReference; lastKnownFileType = image.png; path = "home_footbar_icon_group_pressed@2x.png"; sourceTree = "<group>"; };
		BCF7094D1AC8191F00F46111 /* home_footbar_icon_group_pressed@3x.png */ = {isa = PBXFileReference; lastKnownFileType = image.png; path = "home_footbar_icon_group_pressed@3x.png"; sourceTree = "<group>"; };
		BCF7094E1AC8191F00F46111 /* home_footbar_icon_group@2x.png */ = {isa = PBXFileReference; lastKnownFileType = image.png; path = "home_footbar_icon_group@2x.png"; sourceTree = "<group>"; };
		BCF7094F1AC8191F00F46111 /* home_footbar_icon_group@3x.png */ = {isa = PBXFileReference; lastKnownFileType = image.png; path = "home_footbar_icon_group@3x.png"; sourceTree = "<group>"; };
		BCF709501AC8191F00F46111 /* home_footbar_icon_my_pressed@2x.png */ = {isa = PBXFileReference; lastKnownFileType = image.png; path = "home_footbar_icon_my_pressed@2x.png"; sourceTree = "<group>"; };
		BCF709511AC8191F00F46111 /* home_footbar_icon_my_pressed@3x.png */ = {isa = PBXFileReference; lastKnownFileType = image.png; path = "home_footbar_icon_my_pressed@3x.png"; sourceTree = "<group>"; };
		BCF709521AC8191F00F46111 /* home_footbar_icon_my@2x.png */ = {isa = PBXFileReference; lastKnownFileType = image.png; path = "home_footbar_icon_my@2x.png"; sourceTree = "<group>"; };
		BCF709531AC8191F00F46111 /* home_footbar_icon_my@3x.png */ = {isa = PBXFileReference; lastKnownFileType = image.png; path = "home_footbar_icon_my@3x.png"; sourceTree = "<group>"; };
		BCF709711AC8225100F46111 /* SetTabBarItem.h */ = {isa = PBXFileReference; fileEncoding = 4; lastKnownFileType = sourcecode.c.h; path = SetTabBarItem.h; sourceTree = "<group>"; };
		BCF709721AC8225100F46111 /* SetTabBarItem.m */ = {isa = PBXFileReference; fileEncoding = 4; lastKnownFileType = sourcecode.c.objc; path = SetTabBarItem.m; sourceTree = "<group>"; };
		BCF709741AC8251C00F46111 /* MyViewController.h */ = {isa = PBXFileReference; fileEncoding = 4; lastKnownFileType = sourcecode.c.h; name = MyViewController.h; path = ../../../../../../../Documents/MyViewController.h; sourceTree = "<group>"; };
		BCF709751AC8251C00F46111 /* MyViewController.m */ = {isa = PBXFileReference; fileEncoding = 4; lastKnownFileType = sourcecode.c.objc; name = MyViewController.m; path = ../../../../../../../Documents/MyViewController.m; sourceTree = "<group>"; };
		BCF709761AC8251C00F46111 /* MyViewController.xib */ = {isa = PBXFileReference; fileEncoding = 4; lastKnownFileType = file.xib; name = MyViewController.xib; path = ../../../../../../../Documents/MyViewController.xib; sourceTree = "<group>"; };
		BCF709791AC8259000F46111 /* GroupViewController.h */ = {isa = PBXFileReference; fileEncoding = 4; lastKnownFileType = sourcecode.c.h; path = GroupViewController.h; sourceTree = "<group>"; };
		BCF7097A1AC8259000F46111 /* GroupViewController.m */ = {isa = PBXFileReference; fileEncoding = 4; lastKnownFileType = sourcecode.c.objc; path = GroupViewController.m; sourceTree = "<group>"; };
		BCF7097C1AC825B800F46111 /* FoundViewController.h */ = {isa = PBXFileReference; fileEncoding = 4; lastKnownFileType = sourcecode.c.h; path = FoundViewController.h; sourceTree = "<group>"; };
		BCF7097D1AC825B800F46111 /* FoundViewController.m */ = {isa = PBXFileReference; fileEncoding = 4; lastKnownFileType = sourcecode.c.objc; path = FoundViewController.m; sourceTree = "<group>"; };
		BCF7097F1AC825E100F46111 /* FirstViewController.h */ = {isa = PBXFileReference; fileEncoding = 4; lastKnownFileType = sourcecode.c.h; path = FirstViewController.h; sourceTree = "<group>"; };
		BCF709801AC825E100F46111 /* FirstViewController.m */ = {isa = PBXFileReference; fileEncoding = 4; lastKnownFileType = sourcecode.c.objc; path = FirstViewController.m; sourceTree = "<group>"; };
/* End PBXFileReference section */

/* Begin PBXFrameworksBuildPhase section */
		BCF709011AC80C1600F46111 /* Frameworks */ = {
			isa = PBXFrameworksBuildPhase;
			buildActionMask = 2147483647;
			files = (
			);
			runOnlyForDeploymentPostprocessing = 0;
		};
		BCF7091A1AC80C1600F46111 /* Frameworks */ = {
			isa = PBXFrameworksBuildPhase;
			buildActionMask = 2147483647;
			files = (
			);
			runOnlyForDeploymentPostprocessing = 0;
		};
/* End PBXFrameworksBuildPhase section */

/* Begin PBXGroup section */
		BCF708FB1AC80C1600F46111 = {
			isa = PBXGroup;
			children = (
				BCF709711AC8225100F46111 /* SetTabBarItem.h */,
				BCF709721AC8225100F46111 /* SetTabBarItem.m */,
				BCF709061AC80C1600F46111 /* demo */,
				BCF709201AC80C1600F46111 /* demoTests */,
				BCF709051AC80C1600F46111 /* Products */,
			);
			sourceTree = "<group>";
		};
		BCF709051AC80C1600F46111 /* Products */ = {
			isa = PBXGroup;
			children = (
				BCF709041AC80C1600F46111 /* demo.app */,
				BCF7091D1AC80C1600F46111 /* demoTests.xctest */,
			);
			name = Products;
			sourceTree = "<group>";
		};
		BCF709061AC80C1600F46111 /* demo */ = {
			isa = PBXGroup;
			children = (
				BCF709641AC8198900F46111 /* 我的 */,
				BCF709431AC818F800F46111 /* Image */,
				BCF7093F1AC818AC00F46111 /* 团购 */,
				BCF709351AC817F700F46111 /* 发现 */,
				BCF709341AC8174E00F46111 /* 首页 */,
				BCF7092D1AC80FBE00F46111 /* MyMainCell */,
				BCF7090B1AC80C1600F46111 /* AppDelegate.h */,
				BCF7090C1AC80C1600F46111 /* AppDelegate.m */,
				BCF709111AC80C1600F46111 /* Main.storyboard */,
				BCF709141AC80C1600F46111 /* Images.xcassets */,
				BCF709161AC80C1600F46111 /* LaunchScreen.xib */,
				BCF709071AC80C1600F46111 /* Supporting Files */,
			);
			path = demo;
			sourceTree = "<group>";
		};
		BCF709071AC80C1600F46111 /* Supporting Files */ = {
			isa = PBXGroup;
			children = (
				BCF709081AC80C1600F46111 /* Info.plist */,
				BCF709091AC80C1600F46111 /* main.m */,
			);
			name = "Supporting Files";
			sourceTree = "<group>";
		};
		BCF709201AC80C1600F46111 /* demoTests */ = {
			isa = PBXGroup;
			children = (
				BCF709231AC80C1600F46111 /* demoTests.m */,
				BCF709211AC80C1600F46111 /* Supporting Files */,
			);
			path = demoTests;
			sourceTree = "<group>";
		};
		BCF709211AC80C1600F46111 /* Supporting Files */ = {
			isa = PBXGroup;
			children = (
				BCF709221AC80C1600F46111 /* Info.plist */,
			);
			name = "Supporting Files";
			sourceTree = "<group>";
		};
		BCF7092D1AC80FBE00F46111 /* MyMainCell */ = {
			isa = PBXGroup;
			children = (
				BCF7092E1AC80FED00F46111 /* MainTableViewCell.h */,
				BCF7092F1AC80FED00F46111 /* MainTableViewCell.m */,
			);
			path = MyMainCell;
			sourceTree = "<group>";
		};
		BCF709341AC8174E00F46111 /* 首页 */ = {
			isa = PBXGroup;
			children = (
				BCF7097F1AC825E100F46111 /* FirstViewController.h */,
				BCF709801AC825E100F46111 /* FirstViewController.m */,
			);
			path = "首页";
			sourceTree = "<group>";
		};
		BCF709351AC817F700F46111 /* 发现 */ = {
			isa = PBXGroup;
			children = (
				BCF7097C1AC825B800F46111 /* FoundViewController.h */,
				BCF7097D1AC825B800F46111 /* FoundViewController.m */,
			);
			path = "发现";
			sourceTree = "<group>";
		};
		BCF7093F1AC818AC00F46111 /* 团购 */ = {
			isa = PBXGroup;
			children = (
				BCF709791AC8259000F46111 /* GroupViewController.h */,
				BCF7097A1AC8259000F46111 /* GroupViewController.m */,
			);
			path = "团购";
			sourceTree = "<group>";
		};
		BCF709431AC818F800F46111 /* Image */ = {
			isa = PBXGroup;
			children = (
				BCF709441AC8191F00F46111 /* home_footbar_icon_dianping_pressed@2x.png */,
				BCF709451AC8191F00F46111 /* home_footbar_icon_dianping_pressed@3x.png */,
				BCF709461AC8191F00F46111 /* home_footbar_icon_dianping@2x.png */,
				BCF709471AC8191F00F46111 /* home_footbar_icon_dianping@3x.png */,
				BCF709481AC8191F00F46111 /* home_footbar_icon_found_pressed@2x.png */,
				BCF709491AC8191F00F46111 /* home_footbar_icon_found_pressed@3x.png */,
				BCF7094A1AC8191F00F46111 /* home_footbar_icon_found@2x.png */,
				BCF7094B1AC8191F00F46111 /* home_footbar_icon_found@3x.png */,
				BCF7094C1AC8191F00F46111 /* home_footbar_icon_group_pressed@2x.png */,
				BCF7094D1AC8191F00F46111 /* home_footbar_icon_group_pressed@3x.png */,
				BCF7094E1AC8191F00F46111 /* home_footbar_icon_group@2x.png */,
				BCF7094F1AC8191F00F46111 /* home_footbar_icon_group@3x.png */,
				BCF709501AC8191F00F46111 /* home_footbar_icon_my_pressed@2x.png */,
				BCF709511AC8191F00F46111 /* home_footbar_icon_my_pressed@3x.png */,
				BCF709521AC8191F00F46111 /* home_footbar_icon_my@2x.png */,
				BCF709531AC8191F00F46111 /* home_footbar_icon_my@3x.png */,
			);
			path = Image;
			sourceTree = "<group>";
		};
		BCF709641AC8198900F46111 /* 我的 */ = {
			isa = PBXGroup;
			children = (
				BCF709741AC8251C00F46111 /* MyViewController.h */,
				BCF709751AC8251C00F46111 /* MyViewController.m */,
				BCF709761AC8251C00F46111 /* MyViewController.xib */,
			);
			path = "我的";
			sourceTree = "<group>";
		};
/* End PBXGroup section */

/* Begin PBXNativeTarget section */
		BCF709031AC80C1600F46111 /* demo */ = {
			isa = PBXNativeTarget;
			buildConfigurationList = BCF709271AC80C1600F46111 /* Build configuration list for PBXNativeTarget "demo" */;
			buildPhases = (
				BCF709001AC80C1600F46111 /* Sources */,
				BCF709011AC80C1600F46111 /* Frameworks */,
				BCF709021AC80C1600F46111 /* Resources */,
			);
			buildRules = (
			);
			dependencies = (
			);
			name = demo;
			productName = demo;
			productReference = BCF709041AC80C1600F46111 /* demo.app */;
			productType = "com.apple.product-type.application";
		};
		BCF7091C1AC80C1600F46111 /* demoTests */ = {
			isa = PBXNativeTarget;
			buildConfigurationList = BCF7092A1AC80C1600F46111 /* Build configuration list for PBXNativeTarget "demoTests" */;
			buildPhases = (
				BCF709191AC80C1600F46111 /* Sources */,
				BCF7091A1AC80C1600F46111 /* Frameworks */,
				BCF7091B1AC80C1600F46111 /* Resources */,
			);
			buildRules = (
			);
			dependencies = (
				BCF7091F1AC80C1600F46111 /* PBXTargetDependency */,
			);
			name = demoTests;
			productName = demoTests;
			productReference = BCF7091D1AC80C1600F46111 /* demoTests.xctest */;
			productType = "com.apple.product-type.bundle.unit-test";
		};
/* End PBXNativeTarget section */

/* Begin PBXProject section */
		BCF708FC1AC80C1600F46111 /* Project object */ = {
			isa = PBXProject;
			attributes = {
				LastUpgradeCheck = 0620;
				ORGANIZATIONNAME = gaoqiyang;
				TargetAttributes = {
					BCF709031AC80C1600F46111 = {
						CreatedOnToolsVersion = 6.2;
					};
					BCF7091C1AC80C1600F46111 = {
						CreatedOnToolsVersion = 6.2;
						TestTargetID = BCF709031AC80C1600F46111;
					};
				};
			};
			buildConfigurationList = BCF708FF1AC80C1600F46111 /* Build configuration list for PBXProject "demo" */;
			compatibilityVersion = "Xcode 3.2";
			developmentRegion = English;
			hasScannedForEncodings = 0;
			knownRegions = (
				en,
				Base,
			);
			mainGroup = BCF708FB1AC80C1600F46111;
			productRefGroup = BCF709051AC80C1600F46111 /* Products */;
			projectDirPath = "";
			projectRoot = "";
			targets = (
				BCF709031AC80C1600F46111 /* demo */,
				BCF7091C1AC80C1600F46111 /* demoTests */,
			);
		};
/* End PBXProject section */

/* Begin PBXResourcesBuildPhase section */
		BCF709021AC80C1600F46111 /* Resources */ = {
			isa = PBXResourcesBuildPhase;
			buildActionMask = 2147483647;
			files = (
				BCF709581AC8191F00F46111 /* home_footbar_icon_found_pressed@2x.png in Resources */,
				BCF709611AC8191F00F46111 /* home_footbar_icon_my_pressed@3x.png in Resources */,
				BCF709571AC8191F00F46111 /* home_footbar_icon_dianping@3x.png in Resources */,
				BCF709131AC80C1600F46111 /* Main.storyboard in Resources */,
				BCF709541AC8191F00F46111 /* home_footbar_icon_dianping_pressed@2x.png in Resources */,
				BCF7095E1AC8191F00F46111 /* home_footbar_icon_group@2x.png in Resources */,
				BCF709181AC80C1600F46111 /* LaunchScreen.xib in Resources */,
				BCF7095F1AC8191F00F46111 /* home_footbar_icon_group@3x.png in Resources */,
				BCF709551AC8191F00F46111 /* home_footbar_icon_dianping_pressed@3x.png in Resources */,
				BCF709561AC8191F00F46111 /* home_footbar_icon_dianping@2x.png in Resources */,
				BCF7095B1AC8191F00F46111 /* home_footbar_icon_found@3x.png in Resources */,
				BCF7095D1AC8191F00F46111 /* home_footbar_icon_group_pressed@3x.png in Resources */,
				BCF709591AC8191F00F46111 /* home_footbar_icon_found_pressed@3x.png in Resources */,
				BCF7095C1AC8191F00F46111 /* home_footbar_icon_group_pressed@2x.png in Resources */,
				BCF709781AC8251C00F46111 /* MyViewController.xib in Resources */,
				BCF709621AC8191F00F46111 /* home_footbar_icon_my@2x.png in Resources */,
				BCF709631AC8191F00F46111 /* home_footbar_icon_my@3x.png in Resources */,
				BCF709151AC80C1600F46111 /* Images.xcassets in Resources */,
				BCF7095A1AC8191F00F46111 /* home_footbar_icon_found@2x.png in Resources */,
				BCF709601AC8191F00F46111 /* home_footbar_icon_my_pressed@2x.png in Resources */,
			);
			runOnlyForDeploymentPostprocessing = 0;
		};
		BCF7091B1AC80C1600F46111 /* Resources */ = {
			isa = PBXResourcesBuildPhase;
			buildActionMask = 2147483647;
			files = (
			);
			runOnlyForDeploymentPostprocessing = 0;
		};
/* End PBXResourcesBuildPhase section */

/* Begin PBXSourcesBuildPhase section */
		BCF709001AC80C1600F46111 /* Sources */ = {
			isa = PBXSourcesBuildPhase;
			buildActionMask = 2147483647;
			files = (
				BCF709731AC8225100F46111 /* SetTabBarItem.m in Sources */,
				BCF709811AC825E100F46111 /* FirstViewController.m in Sources */,
				BCF709771AC8251C00F46111 /* MyViewController.m in Sources */,
				BCF7097B1AC8259000F46111 /* GroupViewController.m in Sources */,
				BCF7090D1AC80C1600F46111 /* AppDelegate.m in Sources */,
				BCF709301AC80FED00F46111 /* MainTableViewCell.m in Sources */,
				BCF7090A1AC80C1600F46111 /* main.m in Sources */,
				BCF7097E1AC825B800F46111 /* FoundViewController.m in Sources */,
			);
			runOnlyForDeploymentPostprocessing = 0;
		};
		BCF709191AC80C1600F46111 /* Sources */ = {
			isa = PBXSourcesBuildPhase;
			buildActionMask = 2147483647;
			files = (
				BCF709241AC80C1600F46111 /* demoTests.m in Sources */,
			);
			runOnlyForDeploymentPostprocessing = 0;
		};
/* End PBXSourcesBuildPhase section */

/* Begin PBXTargetDependency section */
		BCF7091F1AC80C1600F46111 /* PBXTargetDependency */ = {
			isa = PBXTargetDependency;
			target = BCF709031AC80C1600F46111 /* demo */;
			targetProxy = BCF7091E1AC80C1600F46111 /* PBXContainerItemProxy */;
		};
/* End PBXTargetDependency section */

/* Begin PBXVariantGroup section */
		BCF709111AC80C1600F46111 /* Main.storyboard */ = {
			isa = PBXVariantGroup;
			children = (
				BCF709121AC80C1600F46111 /* Base */,
			);
			name = Main.storyboard;
			sourceTree = "<group>";
		};
		BCF709161AC80C1600F46111 /* LaunchScreen.xib */ = {
			isa = PBXVariantGroup;
			children = (
				BCF709171AC80C1600F46111 /* Base */,
			);
			name = LaunchScreen.xib;
			sourceTree = "<group>";
		};
/* End PBXVariantGroup section */

/* Begin XCBuildConfiguration section */
		BCF709251AC80C1600F46111 /* Debug */ = {
			isa = XCBuildConfiguration;
			buildSettings = {
				ALWAYS_SEARCH_USER_PATHS = NO;
				CLANG_CXX_LANGUAGE_STANDARD = "gnu++0x";
				CLANG_CXX_LIBRARY = "libc++";
				CLANG_ENABLE_MODULES = YES;
				CLANG_ENABLE_OBJC_ARC = YES;
				CLANG_WARN_BOOL_CONVERSION = YES;
				CLANG_WARN_CONSTANT_CONVERSION = YES;
				CLANG_WARN_DIRECT_OBJC_ISA_USAGE = YES_ERROR;
				CLANG_WARN_EMPTY_BODY = YES;
				CLANG_WARN_ENUM_CONVERSION = YES;
				CLANG_WARN_INT_CONVERSION = YES;
				CLANG_WARN_OBJC_ROOT_CLASS = YES_ERROR;
				CLANG_WARN_UNREACHABLE_CODE = YES;
				CLANG_WARN__DUPLICATE_METHOD_MATCH = YES;
				"CODE_SIGN_IDENTITY[sdk=iphoneos*]" = "iPhone Developer";
				COPY_PHASE_STRIP = NO;
				ENABLE_STRICT_OBJC_MSGSEND = YES;
				GCC_C_LANGUAGE_STANDARD = gnu99;
				GCC_DYNAMIC_NO_PIC = NO;
				GCC_OPTIMIZATION_LEVEL = 0;
				GCC_PREPROCESSOR_DEFINITIONS = (
					"DEBUG=1",
					"$(inherited)",
				);
				GCC_SYMBOLS_PRIVATE_EXTERN = NO;
				GCC_WARN_64_TO_32_BIT_CONVERSION = YES;
				GCC_WARN_ABOUT_RETURN_TYPE = YES_ERROR;
				GCC_WARN_UNDECLARED_SELECTOR = YES;
				GCC_WARN_UNINITIALIZED_AUTOS = YES_AGGRESSIVE;
				GCC_WARN_UNUSED_FUNCTION = YES;
				GCC_WARN_UNUSED_VARIABLE = YES;
				IPHONEOS_DEPLOYMENT_TARGET = 8.2;
				MTL_ENABLE_DEBUG_INFO = YES;
				ONLY_ACTIVE_ARCH = YES;
				SDKROOT = iphoneos;
			};
			name = Debug;
		};
		BCF709261AC80C1600F46111 /* Release */ = {
			isa = XCBuildConfiguration;
			buildSettings = {
				ALWAYS_SEARCH_USER_PATHS = NO;
				CLANG_CXX_LANGUAGE_STANDARD = "gnu++0x";
				CLANG_CXX_LIBRARY = "libc++";
				CLANG_ENABLE_MODULES = YES;
				CLANG_ENABLE_OBJC_ARC = YES;
				CLANG_WARN_BOOL_CONVERSION = YES;
				CLANG_WARN_CONSTANT_CONVERSION = YES;
				CLANG_WARN_DIRECT_OBJC_ISA_USAGE = YES_ERROR;
				CLANG_WARN_EMPTY_BODY = YES;
				CLANG_WARN_ENUM_CONVERSION = YES;
				CLANG_WARN_INT_CONVERSION = YES;
				CLANG_WARN_OBJC_ROOT_CLASS = YES_ERROR;
				CLANG_WARN_UNREACHABLE_CODE = YES;
				CLANG_WARN__DUPLICATE_METHOD_MATCH = YES;
				"CODE_SIGN_IDENTITY[sdk=iphoneos*]" = "iPhone Developer";
				COPY_PHASE_STRIP = NO;
				ENABLE_NS_ASSERTIONS = NO;
				ENABLE_STRICT_OBJC_MSGSEND = YES;
				GCC_C_LANGUAGE_STANDARD = gnu99;
				GCC_WARN_64_TO_32_BIT_CONVERSION = YES;
				GCC_WARN_ABOUT_RETURN_TYPE = YES_ERROR;
				GCC_WARN_UNDECLARED_SELECTOR = YES;
				GCC_WARN_UNINITIALIZED_AUTOS = YES_AGGRESSIVE;
				GCC_WARN_UNUSED_FUNCTION = YES;
				GCC_WARN_UNUSED_VARIABLE = YES;
				IPHONEOS_DEPLOYMENT_TARGET = 8.2;
				MTL_ENABLE_DEBUG_INFO = NO;
				SDKROOT = iphoneos;
				VALIDATE_PRODUCT = YES;
			};
			name = Release;
		};
		BCF709281AC80C1600F46111 /* Debug */ = {
			isa = XCBuildConfiguration;
			buildSettings = {
				ASSETCATALOG_COMPILER_APPICON_NAME = AppIcon;
				CLANG_ENABLE_OBJC_ARC = NO;
				INFOPLIST_FILE = demo/Info.plist;
				LD_RUNPATH_SEARCH_PATHS = "$(inherited) @executable_path/Frameworks";
				PRODUCT_NAME = "$(TARGET_NAME)";
			};
			name = Debug;
		};
		BCF709291AC80C1600F46111 /* Release */ = {
			isa = XCBuildConfiguration;
			buildSettings = {
				ASSETCATALOG_COMPILER_APPICON_NAME = AppIcon;
				CLANG_ENABLE_OBJC_ARC = NO;
				INFOPLIST_FILE = demo/Info.plist;
				LD_RUNPATH_SEARCH_PATHS = "$(inherited) @executable_path/Frameworks";
				PRODUCT_NAME = "$(TARGET_NAME)";
			};
			name = Release;
		};
		BCF7092B1AC80C1600F46111 /* Debug */ = {
			isa = XCBuildConfiguration;
			buildSettings = {
				BUNDLE_LOADER = "$(TEST_HOST)";
				FRAMEWORK_SEARCH_PATHS = (
					"$(SDKROOT)/Developer/Library/Frameworks",
					"$(inherited)",
				);
				GCC_PREPROCESSOR_DEFINITIONS = (
					"DEBUG=1",
					"$(inherited)",
				);
				INFOPLIST_FILE = demoTests/Info.plist;
				LD_RUNPATH_SEARCH_PATHS = "$(inherited) @executable_path/Frameworks @loader_path/Frameworks";
				PRODUCT_NAME = "$(TARGET_NAME)";
				TEST_HOST = "$(BUILT_PRODUCTS_DIR)/demo.app/demo";
			};
			name = Debug;
		};
		BCF7092C1AC80C1600F46111 /* Release */ = {
			isa = XCBuildConfiguration;
			buildSettings = {
				BUNDLE_LOADER = "$(TEST_HOST)";
				FRAMEWORK_SEARCH_PATHS = (
					"$(SDKROOT)/Developer/Library/Frameworks",
					"$(inherited)",
				);
				INFOPLIST_FILE = demoTests/Info.plist;
				LD_RUNPATH_SEARCH_PATHS = "$(inherited) @executable_path/Frameworks @loader_path/Frameworks";
				PRODUCT_NAME = "$(TARGET_NAME)";
				TEST_HOST = "$(BUILT_PRODUCTS_DIR)/demo.app/demo";
			};
			name = Release;
		};
/* End XCBuildConfiguration section */

/* Begin XCConfigurationList section */
		BCF708FF1AC80C1600F46111 /* Build configuration list for PBXProject "demo" */ = {
			isa = XCConfigurationList;
			buildConfigurations = (
				BCF709251AC80C1600F46111 /* Debug */,
				BCF709261AC80C1600F46111 /* Release */,
			);
			defaultConfigurationIsVisible = 0;
			defaultConfigurationName = Release;
		};
		BCF709271AC80C1600F46111 /* Build configuration list for PBXNativeTarget "demo" */ = {
			isa = XCConfigurationList;
			buildConfigurations = (
				BCF709281AC80C1600F46111 /* Debug */,
				BCF709291AC80C1600F46111 /* Release */,
			);
			defaultConfigurationIsVisible = 0;
		};
		BCF7092A1AC80C1600F46111 /* Build configuration list for PBXNativeTarget "demoTests" */ = {
			isa = XCConfigurationList;
			buildConfigurations = (
				BCF7092B1AC80C1600F46111 /* Debug */,
				BCF7092C1AC80C1600F46111 /* Release */,
			);
			defaultConfigurationIsVisible = 0;
		};
/* End XCConfigurationList section */
	};
	rootObject = BCF708FC1AC80C1600F46111 /* Project object */;
}
